
Microsoft Visual Studio Solution File, Format Version 12.00
# Visual Studio Version 17
VisualStudioVersion = 17.10.35122.118
MinimumVisualStudioVersion = 10.0.40219.1
Project("{FAE04EC0-301F-11D3-BF4B-00C04F79EFBC}") = "HealthCheck.Server", "HealthCheck.Server\HealthCheck.Server.csproj", "{2A98CB80-EA1E-416F-8361-ABB71415E10E}"
EndProject
Project("{54A90642-561A-4BB1-A94E-469ADEE60C69}") = "healthcheck.client", "healthcheck.client\healthcheck.client.esproj", "{8E32981F-E117-4EB3-9309-B5C4F8F2011A}"
EndProject
Global
	GlobalSection(SolutionConfigurationPlatforms) = preSolution
		Debug|Any CPU = Debug|Any CPU
		Release|Any CPU = Release|Any CPU
	EndGlobalSection
	GlobalSection(ProjectConfigurationPlatforms) = postSolution
		{2A98CB80-EA1E-416F-8361-ABB71415E10E}.Debug|Any CPU.ActiveCfg = Debug|Any CPU
		{2A98CB80-EA1E-416F-8361-ABB71415E10E}.Debug|Any CPU.Build.0 = Debug|Any CPU
		{2A98CB80-EA1E-416F-8361-ABB71415E10E}.Release|Any CPU.ActiveCfg = Release|Any CPU
		{2A98CB80-EA1E-416F-8361-ABB71415E10E}.Release|Any CPU.Build.0 = Release|Any CPU
		{8E32981F-E117-4EB3-9309-B5C4F8F2011A}.Debug|Any CPU.ActiveCfg = Debug|Any CPU
		{8E32981F-E117-4EB3-9309-B5C4F8F2011A}.Debug|Any CPU.Build.0 = Debug|Any CPU
		{8E32981F-E117-4EB3-9309-B5C4F8F2011A}.Debug|Any CPU.Deploy.0 = Debug|Any CPU
		{8E32981F-E117-4EB3-9309-B5C4F8F2011A}.Release|Any CPU.ActiveCfg = Release|Any CPU
		{8E32981F-E117-4EB3-9309-B5C4F8F2011A}.Release|Any CPU.Build.0 = Release|Any CPU
		{8E32981F-E117-4EB3-9309-B5C4F8F2011A}.Release|Any CPU.Deploy.0 = Release|Any CPU
	EndGlobalSection
	GlobalSection(SolutionProperties) = preSolution
		HideSolutionNode = FALSE
	EndGlobalSection
	GlobalSection(ExtensibilityGlobals) = postSolution
		SolutionGuid = {412BFE82-F1EB-49CD-B840-B74DFF0E18AB}
	EndGlobalSection
EndGlobal
